Microsoft Visual Studio Solution File, Format Version 12.00
# Visual Studio Version 17
VisualStudioVersion = 17.5.2.0
MinimumVisualStudioVersion = 10.0.40219.1
Project("{FAE04EC0-301F-11D3-BF4B-00C04F79EFBC}") = "UvegezesLambdaSzamito", "UvegezesLambdaSzamito.csproj", "{8A608839-BF94-1899-1B46-510653C2341B}"
EndProject
Global
	GlobalSection(SolutionConfigurationPlatforms) = preSolution
		Debug|Any CPU = Debug|Any CPU
		Release|Any CPU = Release|Any CPU
	EndGlobalSection
	GlobalSection(ProjectConfigurationPlatforms) = postSolution
		{8A608839-BF94-1899-1B46-510653C2341B}.Debug|Any CPU.ActiveCfg = Debug|Any CPU
		{8A608839-BF94-1899-1B46-510653C2341B}.Debug|Any CPU.Build.0 = Debug|Any CPU
		{8A608839-BF94-1899-1B46-510653C2341B}.Release|Any CPU.ActiveCfg = Release|Any CPU
		{8A608839-BF94-1899-1B46-510653C2341B}.Release|Any CPU.Build.0 = Release|Any CPU
	EndGlobalSection
	GlobalSection(SolutionProperties) = preSolution
		HideSolutionNode = FALSE
	EndGlobalSection
	GlobalSection(ExtensibilityGlobals) = postSolution
		SolutionGuid = {3E138D28-D3D5-4EE4-AFB4-6CF4A068B3D7}
	EndGlobalSection
EndGlobal
